{
    "_meta": {
        "hash": {
            "sha256": "c7efef51def9a1a3e7662218072b1d6cd1a155e82d6623bb22b87a624ea06f71"
        },
        "pipfile-spec": 6,
        "requires": {
            "python_version": "3.7"
        },
        "sources": [
            {
                "name": "pypi",
                "url": "https://pypi.org/simple",
                "verify_ssl": true
            }
        ]
    },
    "default": {
        "attrs": {
            "hashes": [
                "sha256:149e90d6d8ac20db7a955ad60cf0e6881a3f20d37096140088356da6c716b0b1",
                "sha256:ef6aaac3ca6cd92904cdd0d83f629a15f18053ec84e6432106f7a4d04ae4f5fb"
            ],
            "version": "==21.2.0"
        },
        "cerberus": {
            "hashes": [
                "sha256:d1b21b3954b2498d9a79edf16b3170a3ac1021df88d197dc2ce5928ba519237c"
            ],
            "version": "==1.3.4"
        },
        "certifi": {
            "hashes": [
                "sha256:2bbf76fd432960138b3ef6dda3dde0544f27cbf8546c458e60baf371917ba9ee",
                "sha256:50b1e4f8446b06f41be7dd6338db18e0990601dce795c2b1686458aa7e8fa7d8"
            ],
            "version": "==2021.5.30"
        },
        "chardet": {
            "hashes": [
                "sha256:0d6f53a15db4120f2b08c94f11e7d93d2c911ee118b6b30a04ec3ee8310179fa",
                "sha256:f864054d66fd9118f2e67044ac8981a54775ec5b67aed0441892edb553d21da5"
            ],
            "version": "==4.0.0"
        },
        "click": {
            "hashes": [
                "sha256:8c04c11192119b1ef78ea049e0a6f0463e4c48ef00a30160c704337586f3ad7a",
                "sha256:fba402a4a47334742d782209a7c79bc448911afe1149d07bdabdf480b3e2f4b6"
            ],
            "version": "==8.0.1"
        },
        "decorator": {
            "hashes": [
                "sha256:6e5c199c16f7a9f0e3a61a4a54b3d27e7dad0dbdde92b944426cb20914376323",
                "sha256:72ecfba4320a893c53f9706bebb2d55c270c1e51a28789361aa93e4a21319ed5"
            ],
            "version": "==5.0.9"
        },
        "eve": {
            "hashes": [
                "sha256:9f926c715f88c7a92dc2b950ccc09cccd91f72fe0e93cde806b85d25b947df2f"
            ],
            "index": "pypi",
            "version": "==0.8"
        },
        "events": {
            "hashes": [
                "sha256:f4d9c41a5c160ce504278f219fe56f44242ca63794a0ad638b52d1e087ac2a41"
            ],
            "version": "==0.3"
        },
        "flask": {
            "hashes": [
                "sha256:2271c0070dbcb5275fad4a82e29f23ab92682dc45f9dfbc22c02ba9b9322ce48",
                "sha256:a080b744b7e345ccfcbc77954861cb05b3c63786e93f2b3875e0913d44b43f05"
            ],
            "index": "pypi",
            "version": "==1.0.2"
        },
        "idna": {
            "hashes": [
                "sha256:b307872f855b18632ce0c21c5e45be78c0ea7ae4c15c828c20788b26921eb3f6",
                "sha256:b97d804b1e9b523befed77c48dacec60e6dcb0b5391d57af6a65a312a90648c0"
            ],
            "version": "==2.10"
        },
        "importlib-metadata": {
            "hashes": [
                "sha256:960d52ba7c21377c990412aca380bf3642d734c2eaab78a2c39319f67c6a5786",
                "sha256:e592faad8de1bda9fe920cf41e15261e7131bcf266c30306eec00e8e225c1dd5"
            ],
            "markers": "python_version < '3.8'",
            "version": "==4.4.0"
        },
        "ipython-genutils": {
            "hashes": [
                "sha256:72dd37233799e619666c9f639a9da83c34013a73e8bbc79a7a6348d93c61fab8",
                "sha256:eb2e116e75ecef9d4d228fdc66af54269afa26ab4463042e33785b887c628ba8"
            ],
            "version": "==0.2.0"
        },
        "itsdangerous": {
            "hashes": [
                "sha256:5174094b9637652bdb841a3029700391451bd092ba3db90600dea710ba28e97c",
                "sha256:9e724d68fc22902a1435351f84c3fb8623f303fffcc566a4cb952df8c572cff0"
            ],
            "version": "==2.0.1"
        },
        "jinja2": {
            "hashes": [
                "sha256:1f06f2da51e7b56b8f238affdd6b4e2c61e39598a378cc49345bc1bd42a978a4",
                "sha256:703f484b47a6af502e743c9122595cc812b0271f661722403114f71a79d0f5a4"
            ],
            "version": "==3.0.1"
        },
        "jsonschema": {
            "hashes": [
                "sha256:4e5b3cf8216f577bee9ce139cbe72eca3ea4f292ec60928ff24758ce626cd163",
                "sha256:c8a85b28d377cc7737e46e2d9f2b4f44ee3c0e1deac6bf46ddefc7187d30797a"
            ],
            "version": "==3.2.0"
        },
        "jupyter-core": {
            "hashes": [
                "sha256:79025cb3225efcd36847d0840f3fc672c0abd7afd0de83ba8a1d3837619122b4",
                "sha256:8c6c0cac5c1b563622ad49321d5ec47017bd18b94facb381c6973a0486395f8e"
            ],
            "version": "==4.7.1"
        },
        "markupsafe": {
            "hashes": [
                "sha256:01a9b8ea66f1658938f65b93a85ebe8bc016e6769611be228d797c9d998dd298",
                "sha256:023cb26ec21ece8dc3907c0e8320058b2e0cb3c55cf9564da612bc325bed5e64",
                "sha256:0446679737af14f45767963a1a9ef7620189912317d095f2d9ffa183a4d25d2b",
                "sha256:0717a7390a68be14b8c793ba258e075c6f4ca819f15edfc2a3a027c823718567",
                "sha256:0955295dd5eec6cb6cc2fe1698f4c6d84af2e92de33fbcac4111913cd100a6ff",
                "sha256:10f82115e21dc0dfec9ab5c0223652f7197feb168c940f3ef61563fc2d6beb74",
                "sha256:1d609f577dc6e1aa17d746f8bd3c31aa4d258f4070d61b2aa5c4166c1539de35",
                "sha256:2ef54abee730b502252bcdf31b10dacb0a416229b72c18b19e24a4509f273d26",
                "sha256:3c112550557578c26af18a1ccc9e090bfe03832ae994343cfdacd287db6a6ae7",
                "sha256:47ab1e7b91c098ab893b828deafa1203de86d0bc6ab587b160f78fe6c4011f75",
                "sha256:49e3ceeabbfb9d66c3aef5af3a60cc43b85c33df25ce03d0031a608b0a8b2e3f",
                "sha256:4efca8f86c54b22348a5467704e3fec767b2db12fc39c6d963168ab1d3fc9135",
                "sha256:53edb4da6925ad13c07b6d26c2a852bd81e364f95301c66e930ab2aef5b5ddd8",
                "sha256:594c67807fb16238b30c44bdf74f36c02cdf22d1c8cda91ef8a0ed8dabf5620a",
                "sha256:611d1ad9a4288cf3e3c16014564df047fe08410e628f89805e475368bd304914",
                "sha256:6557b31b5e2c9ddf0de32a691f2312a32f77cd7681d8af66c2692efdbef84c18",
                "sha256:693ce3f9e70a6cf7d2fb9e6c9d8b204b6b39897a2c4a1aa65728d5ac97dcc1d8",
                "sha256:6a7fae0dd14cf60ad5ff42baa2e95727c3d81ded453457771d02b7d2b3f9c0c2",
                "sha256:6c4ca60fa24e85fe25b912b01e62cb969d69a23a5d5867682dd3e80b5b02581d",
                "sha256:7d91275b0245b1da4d4cfa07e0faedd5b0812efc15b702576d103293e252af1b",
                "sha256:905fec760bd2fa1388bb5b489ee8ee5f7291d692638ea5f67982d968366bef9f",
                "sha256:97383d78eb34da7e1fa37dd273c20ad4320929af65d156e35a5e2d89566d9dfb",
                "sha256:984d76483eb32f1bcb536dc27e4ad56bba4baa70be32fa87152832cdd9db0833",
                "sha256:a30e67a65b53ea0a5e62fe23682cfe22712e01f453b95233b25502f7c61cb415",
                "sha256:ab3ef638ace319fa26553db0624c4699e31a28bb2a835c5faca8f8acf6a5a902",
                "sha256:b2f4bf27480f5e5e8ce285a8c8fd176c0b03e93dcc6646477d4630e83440c6a9",
                "sha256:b7f2d075102dc8c794cbde1947378051c4e5180d52d276987b8d28a3bd58c17d",
                "sha256:be98f628055368795d818ebf93da628541e10b75b41c559fdf36d104c5787066",
                "sha256:d7f9850398e85aba693bb640262d3611788b1f29a79f0c93c565694658f4071f",
                "sha256:f5653a225f31e113b152e56f154ccbe59eeb1c7487b39b9d9f9cdb58e6c79dc5",
                "sha256:f826e31d18b516f653fe296d967d700fddad5901ae07c622bb3705955e1faa94",
                "sha256:f8ba0e8349a38d3001fae7eadded3f6606f0da5d748ee53cc1dab1d6527b9509",
                "sha256:f9081981fe268bd86831e5c75f7de206ef275defcb82bc70740ae6dc507aee51",
                "sha256:fa130dd50c57d53368c9d59395cb5526eda596d3ffe36666cd81a44d56e48872"
            ],
            "version": "==2.0.1"
        },
        "nbformat": {
            "hashes": [
                "sha256:b516788ad70771c6250977c1374fcca6edebe6126fd2adb5a69aa5c2356fd1c8",
                "sha256:eb8447edd7127d043361bc17f2f5a807626bc8e878c7709a1c647abda28a9171"
            ],
            "version": "==5.1.3"
        },
        "numpy": {
            "hashes": [
                "sha256:14fb76bde161c87dcec52d91c78f65aa8a23aa2e1530a71f412dabe03927d917",
                "sha256:21041014b7529237994a6b578701c585703fbb3b1bea356cdb12a5ea7804241c",
                "sha256:24f3bb9a5f6c3936a8ccd4ddfc1210d9511f4aeb879a12efd2e80bec647b8695",
                "sha256:34033b581bc01b1135ca2e3e93a94daea7c739f21a97a75cca93e29d9f0c8e71",
                "sha256:3fbccb399fe9095b1c1d7b41e7c7867db8aa0d2347fc44c87a7a180cedda112b",
                "sha256:50718eea8e77a1bedcc85befd22c8dbf5a24c9d2c0c1e36bbb8d7a38da847eb3",
                "sha256:55daf757e5f69aa75b4477cf4511bf1f96325c730e4ad32d954ccb593acd2585",
                "sha256:61efc65f325770bbe787f34e00607bc124f08e6c25fdf04723848585e81560dc",
                "sha256:62cb836506f40ce2529bfba9d09edc4b2687dd18c56cf4457e51c3e7145402fd",
                "sha256:64c6acf5175745fd1b7b7e17c74fdbfb7191af3b378bc54f44560279f41238d3",
                "sha256:674ea7917f0657ddb6976bd102ac341bc493d072c32a59b98e5b8c6eaa2d5ec0",
                "sha256:73a816e441dace289302e04a7a34ec4772ed234ab6885c968e3ca2fc2d06fe2d",
                "sha256:78c35dc7ad184aebf3714dbf43f054714c6e430e14b9c06c49a864fb9e262030",
                "sha256:7f17efe9605444fcbfd990ba9b03371552d65a3c259fc2d258c24fb95afdd728",
                "sha256:816645178f2180be257a576b735d3ae245b1982280b97ae819550ce8bcdf2b6b",
                "sha256:924f37e66db78464b4b85ed4b6d2e5cda0c0416e657cac7ccbef14b9fa2c40b5",
                "sha256:a17a8fd5df4fec5b56b4d11c9ba8b9ebfb883c90ec361628d07be00aaa4f009a",
                "sha256:aaa519335a71f87217ca8a680c3b66b61960e148407bdf5c209c42f50fe30f49",
                "sha256:ae3864816287d0e86ead580b69921daec568fe680857f07ee2a87bf7fd77ce24",
                "sha256:b5f8c15cb9173f6cdf0f994955e58d1265331029ae26296232379461a297e5f2",
                "sha256:c3ac359ace241707e5a48fe2922e566ac666aacacf4f8031f2994ac429c31344",
                "sha256:c7c660cc0209fdf29a4e50146ca9ac9d8664acaded6b6ae2f5d0ae2e91a0f0cd",
                "sha256:d690a2ff49f6c3bc35336693c9924fe5916be3cc0503fe1ea6c7e2bf951409ee",
                "sha256:e2317cf091c2e7f0dacdc2e72c693cc34403ca1f8e3807622d0bb653dc978616",
                "sha256:f28e73cf18d37a413f7d5de35d024e6b98f14566a10d82100f9dc491a7d449f9",
                "sha256:f2a778dd9bb3e4590dbe3bbac28e7c7134280c4ec97e3bf8678170ee58c67b21",
                "sha256:f5a758252502b466b9c2b201ea397dae5a914336c987f3a76c3741a82d43c96e",
                "sha256:fb4c33a404d9eff49a0cdc8ead0af6453f62f19e071b60d283f9dc05581e4134"
            ],
            "index": "pypi",
            "version": "==1.15.0"
        },
        "pandas": {
            "hashes": [
                "sha256:11975fad9edbdb55f1a560d96f91830e83e29bed6ad5ebf506abda09818eaf60",
                "sha256:12e13d127ca1b585dd6f6840d3fe3fa6e46c36a6afe2dbc5cb0b57032c902e31",
                "sha256:1c87fcb201e1e06f66e23a61a5fea9eeebfe7204a66d99df24600e3f05168051",
                "sha256:242e9900de758e137304ad4b5663c2eff0d798c2c3b891250bd0bd97144579da",
                "sha256:26c903d0ae1542890cb9abadb4adcb18f356b14c2df46e4ff657ae640e3ac9e7",
                "sha256:2e1e88f9d3e5f107b65b59cd29f141995597b035d17cc5537e58142038942e1a",
                "sha256:31b7a48b344c14691a8e92765d4023f88902ba3e96e2e4d0364d3453cdfd50db",
                "sha256:4fd07a932b4352f8a8973761ab4e84f965bf81cc750fb38e04f01088ab901cb8",
                "sha256:5b24ca47acf69222e82530e89111dd9d14f9b970ab2cd3a1c2c78f0c4fbba4f4",
                "sha256:647b3b916cc8f6aeba240c8171be3ab799c3c1b2ea179a3be0bd2712c4237553",
                "sha256:66b060946046ca27c0e03e9bec9bba3e0b918bafff84c425ca2cc2e157ce121e",
                "sha256:6efa9fa6e1434141df8872d0fa4226fc301b17aacf37429193f9d70b426ea28f",
                "sha256:be4715c9d8367e51dbe6bc6d05e205b1ae234f0dc5465931014aa1c4af44c1ba",
                "sha256:bea90da782d8e945fccfc958585210d23de374fa9294a9481ed2abcef637ebfc",
                "sha256:d318d77ab96f66a59e792a481e2701fba879e1a453aefeebdb17444fe204d1ed",
                "sha256:d785fc08d6f4207437e900ffead930a61e634c5e4f980ba6d3dc03c9581748c7",
                "sha256:de9559287c4fe8da56e8c3878d2374abc19d1ba2b807bfa7553e912a8e5ba87c",
                "sha256:f4f98b190bb918ac0bc0e3dd2ab74ff3573da9f43106f6dba6385406912ec00f",
                "sha256:f71f1a7e2d03758f6e957896ed696254e2bc83110ddbc6942018f1a232dd9dad",
                "sha256:fb944c8f0b0ab5c1f7846c686bc4cdf8cde7224655c12edcd59d5212cd57bec0"
            ],
            "index": "pypi",
            "version": "==0.23.4"
        },
        "plotly": {
            "hashes": [
                "sha256:2e565c8907ea6f9c517423cf5452e4f4b85635bd0dd400aae943339c826d4176",
                "sha256:33d298b9d643fa81f95b1b4aaeb4e5ba6277c9539f7d4c1dbfa480e73a603f8d"
            ],
            "index": "pypi",
            "version": "==3.1.1"
        },
        "pymongo": {
            "hashes": [
                "sha256:03be7ad107d252bb7325d4af6309fdd2c025d08854d35f0e7abc8bf048f4245e",
                "sha256:071552b065e809d24c5653fcc14968cfd6fde4e279408640d5ac58e3353a3c5f",
                "sha256:08b8723248730599c9803ae4c97b8f3f76c55219104303c88cb962a31e3bb5ee",
                "sha256:08bda7b2c522ff9f1e554570da16298271ebb0c56ab9699446aacba249008988",
                "sha256:0aaf4d44f1f819360f9432df538d54bbf850f18152f34e20337c01b828479171",
                "sha256:0cabfc297f4cf921f15bc789a8fbfd7115eb9f813d3f47a74b609894bc66ab0d",
                "sha256:13acf6164ead81c9fc2afa0e1ea6d6134352973ce2bb35496834fee057063c04",
                "sha256:15b083d1b789b230e5ac284442d9ecb113c93f3785a6824f748befaab803b812",
                "sha256:161fcd3281c42f644aa8dec7753cca2af03ce654e17d76da4f0dab34a12480ca",
                "sha256:1a994a42f49dab5b6287e499be7d3d2751776486229980d8857ad53b8333d469",
                "sha256:20d75ea11527331a2980ab04762a9d960bcfea9475c54bbeab777af880de61cd",
                "sha256:225c61e08fe517aede7912937939e09adf086c8e6f7e40d4c85ad678c2c2aea3",
                "sha256:3135dd574ef1286189f3f04a36c8b7a256376914f8cbbce66b94f13125ded858",
                "sha256:3491c7de09e44eded16824cb58cf9b5cc1dc6f066a0bb7aa69929d02aa53b828",
                "sha256:3551912f5c34d8dd7c32c6bb00ae04192af47f7b9f653608f107d19c1a21a194",
                "sha256:38a7b5140a48fc91681cdb5cb95b7cd64640b43d19259fdd707fa9d5a715f2b2",
                "sha256:3a3498a8326111221560e930f198b495ea6926937e249f475052ffc6893a6680",
                "sha256:3bfc7689a1bacb9bcd2f2d5185d99507aa29f667a58dd8adaa43b5a348139e46",
                "sha256:421d13523d11c57f57f257152bc4a6bb463aadf7a3918e9c96fefdd6be8dbfb8",
                "sha256:424799c71ff435094e5fb823c40eebb4500f0e048133311e9c026467e8ccebac",
                "sha256:474e21d0e07cd09679e357d1dac76e570dab86665e79a9d3354b10a279ac6fb3",
                "sha256:4c7e8c8e1e1918dcf6a652ac4b9d87164587c26fd2ce5dd81e73a5ab3b3d492f",
                "sha256:510cd3bfabb63a07405b7b79fae63127e34c118b7531a2cbbafc7a24fd878594",
                "sha256:517ba47ca04a55b1f50ee8df9fd97f6c37df5537d118fb2718952b8623860466",
                "sha256:539d4cb1b16b57026999c53e5aab857fe706e70ae5310cc8c232479923f932e6",
                "sha256:5c36428cc4f7fae56354db7f46677fd21222fc3cb1e8829549b851172033e043",
                "sha256:5db59223ed1e634d842a053325f85f908359c6dac9c8ddce8ef145061fae7df8",
                "sha256:5e606846c049ed40940524057bfdf1105af6066688c0e6a1a3ce2038589bae70",
                "sha256:6060794aac9f7b0644b299f46a9c6cbc0bc470bd01572f4134df140afd41ded6",
                "sha256:62c29bc36a6d9be68fe7b5aaf1e120b4aa66a958d1e146601fcd583eb12cae7b",
                "sha256:73326b211e7410c8bd6a74500b1e3f392f39cf10862e243d00937e924f112c01",
                "sha256:78f07961f4f214ea8e80be63cffd5cc158eb06cd922ffbf6c7155b11728f28f9",
                "sha256:7c97554ea521f898753d9773891d0347ebfaddcc1dee2ad94850b163171bf1f1",
                "sha256:8898f6699f740ca93a0879ed07d8e6db02d68af889d0ebb3d13ab017e6b1af1e",
                "sha256:8a41fdc751dc4707a4fafb111c442411816a7c225ebb5cadb57599534b5d5372",
                "sha256:8e0004b0393d72d76de94b4792a006cb960c1c65c7659930fbf9a81ce4341982",
                "sha256:977b1d4f868986b4ba5d03c317fde4d3b66e687d74473130cd598e3103db34fa",
                "sha256:9a4f6e0b01df820ba9ed0b4e618ca83a1c089e48d4f268d0e00dcd49893d4549",
                "sha256:9b9298964389c180a063a9e8bac8a80ed42de11d04166b20249bfa0a489e0e0f",
                "sha256:a08c8b322b671857c81f4c30cd3c8df2895fd3c0e9358714f39e0ef8fb327702",
                "sha256:ad31f184dcd3271de26ab1f9c51574afb99e1b0e484ab1da3641256b723e4994",
                "sha256:aff3656af2add93f290731a6b8930b23b35c0c09569150130a58192b3ec6fc61",
                "sha256:b2f41261b648cf5dee425f37ff14f4ad151c2f24b827052b402637158fd056ef",
                "sha256:b413117210fa6d92664c3d860571e8e8727c3e8f2ff197276c5d0cb365abd3ad",
                "sha256:b7efc7e7049ef366777cfd35437c18a4166bb50a5606a1c840ee3b9624b54fc9",
                "sha256:b8f94acd52e530a38f25e4d5bf7ddfdd4bea9193e718f58419def0d4406b58d3",
                "sha256:d0a70151d7de8a3194cdc906bcc1a42e14594787c64b0c1c9c975e5a2af3e251",
                "sha256:d360e5d5dd3d55bf5d1776964625018d85b937d1032bae1926dd52253decd0db",
                "sha256:d4e62417e89b717a7bcd8576ac3108cd063225942cc91c5b37ff5465fdccd386",
                "sha256:d65bac5f6724d9ea6f0b5a0f0e4952fbbf209adcf6b5583b54c54bd2fcd74dc0",
                "sha256:e02beaab433fd1104b2804f909e694cfbdb6578020740a9051597adc1cd4e19f",
                "sha256:e4b631688dfbdd61b5610e20b64b99d25771c6d52d9da73349342d2a0f11c46a",
                "sha256:e4e9db78b71db2b1684ee4ecc3e32c4600f18cdf76e6b9ae03e338e52ee4b168",
                "sha256:eb4d176394c37a76e8b0afe54b12d58614a67a60a7f8c0dd3a5afbb013c01092",
                "sha256:f08665d3cc5abc2f770f472a9b5f720a9b3ab0b8b3bb97c7c1487515e5653d39",
                "sha256:f3d851af3852f16ad4adc7ee054fd9c90a7a5063de94d815b7f6a88477b9f4c6",
                "sha256:f4ba58157e8ae33ee86fadf9062c506e535afd904f07f9be32731f4410a23b7f",
                "sha256:f664ed7613b8b18f0ce5696b146776266a038c19c5cd6efffa08ecc189b01b73",
                "sha256:f947b359cc4769af8b49be7e37af01f05fcf15b401da2528021148e4a54426d1",
                "sha256:fe4189846448df013cd9df11bba38ddf78043f8c290a9f06430732a7a8601cce",
                "sha256:fea5cb1c63efe1399f0812532c7cf65458d38fd011be350bc5021dfcac39fba8",
                "sha256:fedf0dee7a412ca6d1d6d92c158fe9cbaa8ea0cae90d268f9ccc0744de7a97d0",
                "sha256:fffff7bfb6799a763d3742c59c6ee7ffadda21abed557637bc44ed1080876484"
            ],
            "version": "==3.11.4"
        },
        "pyrsistent": {
            "hashes": [
                "sha256:2e636185d9eb976a18a8a8e96efce62f2905fea90041958d8cc2a189756ebf3e"
            ],
            "version": "==0.17.3"
        },
        "python-dateutil": {
            "hashes": [
                "sha256:73ebfe9dbf22e832286dafa60473e4cd239f8592f699aa5adaf10050e6e1823c",
                "sha256:75bb3f31ea686f1197762692a9ee6a7550b59fc6ca3a1f4b5d7e32fb98e2da2a"
            ],
            "version": "==2.8.1"
        },
        "pytz": {
            "hashes": [
                "sha256:83a4a90894bf38e243cf052c8b58f381bfe9a7a483f6a9cab140bc7f702ac4da",
                "sha256:eb10ce3e7736052ed3623d49975ce333bcd712c7bb19a58b9e2089d4057d0798"
            ],
            "version": "==2021.1"
        },
        "requests": {
            "hashes": [
                "sha256:27973dd4a904a4f13b263a19c866c13b92a39ed1c964655f025f3f8d3d75b804",
                "sha256:c210084e36a42ae6b9219e00e48287def368a26d03a048ddad7bfee44f75871e"
            ],
            "version": "==2.25.1"
        },
        "retrying": {
            "hashes": [
                "sha256:08c039560a6da2fe4f2c426d0766e284d3b736e355f8dd24b37367b0bb41973b"
            ],
            "version": "==1.3.3"
        },
        "simplejson": {
            "hashes": [
                "sha256:034550078a11664d77bc1a8364c90bb7eef0e44c2dbb1fd0a4d92e3997088667",
                "sha256:05b43d568300c1cd43f95ff4bfcff984bc658aa001be91efb3bb21df9d6288d3",
                "sha256:0dd9d9c738cb008bfc0862c9b8fa6743495c03a0ed543884bf92fb7d30f8d043",
                "sha256:10fc250c3edea4abc15d930d77274ddb8df4803453dde7ad50c2f5565a18a4bb",
                "sha256:2862beabfb9097a745a961426fe7daf66e1714151da8bb9a0c430dde3d59c7c0",
                "sha256:292c2e3f53be314cc59853bd20a35bf1f965f3bc121e007ab6fd526ed412a85d",
                "sha256:2d3eab2c3fe52007d703a26f71cf649a8c771fcdd949a3ae73041ba6797cfcf8",
                "sha256:2e7b57c2c146f8e4dadf84977a83f7ee50da17c8861fd7faf694d55e3274784f",
                "sha256:311f5dc2af07361725033b13cc3d0351de3da8bede3397d45650784c3f21fbcf",
                "sha256:344e2d920a7f27b4023c087ab539877a1e39ce8e3e90b867e0bfa97829824748",
                "sha256:3fabde09af43e0cbdee407555383063f8b45bfb52c361bc5da83fcffdb4fd278",
                "sha256:42b8b8dd0799f78e067e2aaae97e60d58a8f63582939af60abce4c48631a0aa4",
                "sha256:4b3442249d5e3893b90cb9f72c7d6ce4d2ea144d2c0d9f75b9ae1e5460f3121a",
                "sha256:55d65f9cc1b733d85ef95ab11f559cce55c7649a2160da2ac7a078534da676c8",
                "sha256:5c659a0efc80aaaba57fcd878855c8534ecb655a28ac8508885c50648e6e659d",
                "sha256:72d8a3ffca19a901002d6b068cf746be85747571c6a7ba12cbcf427bfb4ed971",
                "sha256:75ecc79f26d99222a084fbdd1ce5aad3ac3a8bd535cd9059528452da38b68841",
                "sha256:76ac9605bf2f6d9b56abf6f9da9047a8782574ad3531c82eae774947ae99cc3f",
                "sha256:7d276f69bfc8c7ba6c717ba8deaf28f9d3c8450ff0aa8713f5a3280e232be16b",
                "sha256:7f10f8ba9c1b1430addc7dd385fc322e221559d3ae49b812aebf57470ce8de45",
                "sha256:8042040af86a494a23c189b5aa0ea9433769cc029707833f261a79c98e3375f9",
                "sha256:813846738277729d7db71b82176204abc7fdae2f566e2d9fcf874f9b6472e3e6",
                "sha256:845a14f6deb124a3bcb98a62def067a67462a000e0508f256f9c18eff5847efc",
                "sha256:869a183c8e44bc03be1b2bbcc9ec4338e37fa8557fc506bf6115887c1d3bb956",
                "sha256:8acf76443cfb5c949b6e781c154278c059b09ac717d2757a830c869ba000cf8d",
                "sha256:8f713ea65958ef40049b6c45c40c206ab363db9591ff5a49d89b448933fa5746",
                "sha256:934115642c8ba9659b402c8bdbdedb48651fb94b576e3b3efd1ccb079609b04a",
                "sha256:9551f23e09300a9a528f7af20e35c9f79686d46d646152a0c8fc41d2d074d9b0",
                "sha256:9a2b7543559f8a1c9ed72724b549d8cc3515da7daf3e79813a15bdc4a769de25",
                "sha256:a55c76254d7cf8d4494bc508e7abb993a82a192d0db4552421e5139235604625",
                "sha256:ad8f41c2357b73bc9e8606d2fa226233bf4d55d85a8982ecdfd55823a6959995",
                "sha256:af4868da7dd53296cd7630687161d53a7ebe2e63814234631445697bd7c29f46",
                "sha256:afebfc3dd3520d37056f641969ce320b071bc7a0800639c71877b90d053e087f",
                "sha256:b59aa298137ca74a744c1e6e22cfc0bf9dca3a2f41f51bc92eb05695155d905a",
                "sha256:bc00d1210567a4cdd215ac6e17dc00cb9893ee521cee701adfd0fa43f7c73139",
                "sha256:c1cb29b1fced01f97e6d5631c3edc2dadb424d1f4421dad079cb13fc97acb42f",
                "sha256:c94dc64b1a389a416fc4218cd4799aa3756f25940cae33530a4f7f2f54f166da",
                "sha256:ceaa28a5bce8a46a130cd223e895080e258a88d51bf6e8de2fc54a6ef7e38c34",
                "sha256:cff6453e25204d3369c47b97dd34783ca820611bd334779d22192da23784194b",
                "sha256:d0b64409df09edb4c365d95004775c988259efe9be39697d7315c42b7a5e7e94",
                "sha256:d4813b30cb62d3b63ccc60dd12f2121780c7a3068db692daeb90f989877aaf04",
                "sha256:da3c55cdc66cfc3fffb607db49a42448785ea2732f055ac1549b69dcb392663b",
                "sha256:e058c7656c44fb494a11443191e381355388443d543f6fc1a245d5d238544396",
                "sha256:fed0f22bf1313ff79c7fc318f7199d6c2f96d4de3234b2f12a1eab350e597c06",
                "sha256:ffd4e4877a78c84d693e491b223385e0271278f5f4e1476a4962dca6824ecfeb"
            ],
            "version": "==3.17.2"
        },
        "six": {
            "hashes": [
                "sha256:1e61c37477a1626458e36f7b1d82aa5c9b094fa4802892072e49de9c60c4c926",
                "sha256:8abb2f1d86890a2dfb989f9a77cfcfd3e47c2a354b01111771326f8aa26e0254"
            ],
            "version": "==1.16.0"
        },
        "traitlets": {
            "hashes": [
                "sha256:178f4ce988f69189f7e523337a3e11d91c786ded9360174a3d9ca83e79bc5396",
                "sha256:69ff3f9d5351f31a7ad80443c2674b7099df13cc41fc5fa6e2f6d3b0330b0426"
            ],
            "version": "==5.0.5"
        },
        "typing-extensions": {
            "hashes": [
                "sha256:0ac0f89795dd19de6b97debb0c6af1c70987fd80a2d62d1958f7e56fcc31b497",
                "sha256:50b6f157849174217d0656f99dc82fe932884fb250826c18350e159ec6cdf342",
                "sha256:779383f6086d90c99ae41cf0ff39aac8a7937a9283ce0a414e5dd782f4c94a84"
            ],
            "markers": "python_version < '3.8'",
            "version": "==3.10.0.0"
        },
        "urllib3": {
            "hashes": [
                "sha256:753a0374df26658f99d826cfe40394a686d05985786d946fbe4165b5148f5a7c",
                "sha256:a7acd0977125325f516bda9735fa7142b909a8d01e8b2e4c8108d0984e6e0098"
            ],
            "index": "pypi",
            "version": "==1.26.5"
        },
        "werkzeug": {
            "hashes": [
                "sha256:1de1db30d010ff1af14a009224ec49ab2329ad2cde454c8a708130642d579c42",
                "sha256:6c1ec500dcdba0baa27600f6a22f6333d8b662d22027ff9f6202e3367413caa8"
            ],
            "version": "==2.0.1"
        },
        "zipp": {
            "hashes": [
                "sha256:3607921face881ba3e026887d8150cca609d517579abe052ac81fc5aeffdbd76",
                "sha256:51cb66cc54621609dd593d1787f286ee42a5c0adbb4b29abea5a63edc3e03098"
            ],
            "version": "==3.4.1"
        }
    },
    "develop": {
        "backcall": {
            "hashes": [
                "sha256:5cbdbf27be5e7cfadb448baf0aa95508f91f2bbc6c6437cd9cd06e2a4c215e1e",
                "sha256:fbbce6a29f263178a1f7915c1940bde0ec2b2a967566fe1c65c1dfb7422bd255"
            ],
            "version": "==0.2.0"
        },
        "decorator": {
            "hashes": [
                "sha256:6e5c199c16f7a9f0e3a61a4a54b3d27e7dad0dbdde92b944426cb20914376323",
                "sha256:72ecfba4320a893c53f9706bebb2d55c270c1e51a28789361aa93e4a21319ed5"
            ],
            "version": "==5.0.9"
        },
        "ipdb": {
            "hashes": [
                "sha256:7081c65ed7bfe7737f83fa4213ca8afd9617b42ff6b3f1daf9a3419839a2a00a"
            ],
            "index": "pypi",
            "version": "==0.11"
        },
        "ipython": {
            "hashes": [
                "sha256:a171caa3d3d4c819a1c0742e3abecfd5a2b8ab525ca1c9f114b40b76b0679ab1",
                "sha256:f86788eef439891438af3498525094cc2acbdbea4f2aa2f8895782d4ff471341"
            ],
            "version": "==7.24.0"
        },
        "ipython-genutils": {
            "hashes": [
                "sha256:72dd37233799e619666c9f639a9da83c34013a73e8bbc79a7a6348d93c61fab8",
                "sha256:eb2e116e75ecef9d4d228fdc66af54269afa26ab4463042e33785b887c628ba8"
            ],
            "version": "==0.2.0"
        },
        "jedi": {
            "hashes": [
                "sha256:18456d83f65f400ab0c2d3319e48520420ef43b23a086fdc05dff34132f0fb93",
                "sha256:92550a404bad8afed881a137ec9a461fed49eca661414be45059329614ed0707"
            ],
            "version": "==0.18.0"
        },
        "matplotlib-inline": {
            "hashes": [
                "sha256:5cf1176f554abb4fa98cb362aa2b55c500147e4bdbb07e3fda359143e1da0811",
                "sha256:f41d5ff73c9f5385775d5c0bc13b424535c8402fe70ea8210f93e11f3683993e"
            ],
            "version": "==0.1.2"
        },
        "parso": {
            "hashes": [
                "sha256:12b83492c6239ce32ff5eed6d3639d6a536170723c6f3f1506869f1ace413398",
                "sha256:a8c4922db71e4fdb90e0d0bc6e50f9b273d3397925e5e60a717e719201778d22"
            ],
            "version": "==0.8.2"
        },
        "pexpect": {
            "hashes": [
                "sha256:0b48a55dcb3c05f3329815901ea4fc1537514d6ba867a152b581d69ae3710937",
                "sha256:fc65a43959d153d0114afe13997d439c22823a27cefceb5ff35c2178c6784c0c"
            ],
            "markers": "sys_platform != 'win32'",
            "version": "==4.8.0"
        },
        "pickleshare": {
            "hashes": [
                "sha256:87683d47965c1da65cdacaf31c8441d12b8044cdec9aca500cd78fc2c683afca",
                "sha256:9649af414d74d4df115d5d718f82acb59c9d418196b7b4290ed47a12ce62df56"
            ],
            "version": "==0.7.5"
        },
        "prompt-toolkit": {
            "hashes": [
                "sha256:bf00f22079f5fadc949f42ae8ff7f05702826a97059ffcc6281036ad40ac6f04",
                "sha256:e1b4f11b9336a28fa11810bc623c357420f69dfdb6d2dac41ca2c21a55c033bc"
            ],
            "version": "==3.0.18"
        },
        "ptyprocess": {
            "hashes": [
                "sha256:4b41f3967fce3af57cc7e94b888626c18bf37a083e3651ca8feeb66d492fef35",
                "sha256:5c5d0a3b48ceee0b48485e0c26037c0acd7d29765ca3fbb5cb3831d347423220"
            ],
            "version": "==0.7.0"
        },
        "pygments": {
            "hashes": [
                "sha256:a18f47b506a429f6f4b9df81bb02beab9ca21d0a5fee38ed15aef65f0545519f",
                "sha256:d66e804411278594d764fc69ec36ec13d9ae9147193a1740cd34d272ca383b8e"
            ],
            "version": "==2.9.0"
        },
        "traitlets": {
            "hashes": [
                "sha256:178f4ce988f69189f7e523337a3e11d91c786ded9360174a3d9ca83e79bc5396",
                "sha256:69ff3f9d5351f31a7ad80443c2674b7099df13cc41fc5fa6e2f6d3b0330b0426"
            ],
            "version": "==5.0.5"
        },
        "wcwidth": {
            "hashes": [
                "sha256:beb4802a9cebb9144e99086eff703a642a13d6a0052920003a230f3294bbe784",
                "sha256:c4d647b99872929fdb7bdcaa4fbe7f01413ed3d98077df798530e5b04f116c83"
            ],
            "version": "==0.2.5"
        }
    }
}
